PODS:
  - URBNSwiftyConvenience (1.4.0)

DEPENDENCIES:
  - URBNSwiftyConvenience (from `../`)

EXTERNAL SOURCES:
  URBNSwiftyConvenience:
    :path: "../"

SPEC CHECKSUMS:
  URBNSwiftyConvenience: 12fb1a7305ca969a4c13bf5615139d1d70b481c6

PODFILE CHECKSUM: b1a00df3b001c7558afb1929e95f3522d9d92a6b

COCOAPODS: 1.5.3
