PODS:
  - URBNSwiftyConvenience (1.6.0)

DEPENDENCIES:
  - URBNSwiftyConvenience (from `../`)

EXTERNAL SOURCES:
  URBNSwiftyConvenience:
    :path: "../"

SPEC CHECKSUMS:
  URBNSwiftyConvenience: 9baf3d1bc3835517502a04a9daacfa0089d56ebb

PODFILE CHECKSUM: 72805e9526b2430f8d11dd9573c9eb39604e747b

COCOAPODS: 1.6.2
