PODS:
  - URBNSwiftyConvenience (1.4.0)

DEPENDENCIES:
  - URBNSwiftyConvenience (from `../`)

EXTERNAL SOURCES:
  URBNSwiftyConvenience:
    :path: "../"

SPEC CHECKSUMS:
  URBNSwiftyConvenience: 13ddbb4483a1a116adbaf6b414839ba0cf1e4dc5

PODFILE CHECKSUM: b1a00df3b001c7558afb1929e95f3522d9d92a6b

COCOAPODS: 1.5.3
